
Microsoft Visual Studio Solution File, Format Version 12.00
Project("{FAE04EC0-301F-11D3-BF4B-00C04F79EFBC}") = "Lab62", "Lab62\Lab62.csproj", "{AB7997A6-68C5-4EA0-9471-E26926A88115}"
EndProject
Global
	GlobalSection(SolutionConfigurationPlatforms) = preSolution
		Debug|Any CPU = Debug|Any CPU
		Release|Any CPU = Release|Any CPU
	EndGlobalSection
	GlobalSection(ProjectConfigurationPlatforms) = postSolution
		{AB7997A6-68C5-4EA0-9471-E26926A88115}.Debug|Any CPU.ActiveCfg = Debug|Any CPU
		{AB7997A6-68C5-4EA0-9471-E26926A88115}.Debug|Any CPU.Build.0 = Debug|Any CPU
		{AB7997A6-68C5-4EA0-9471-E26926A88115}.Release|Any CPU.ActiveCfg = Release|Any CPU
		{AB7997A6-68C5-4EA0-9471-E26926A88115}.Release|Any CPU.Build.0 = Release|Any CPU
	EndGlobalSection
EndGlobal
